
Microsoft Visual Studio Solution File, Format Version 12.00
# Visual Studio 15
VisualStudioVersion = 15.0.28307.106
MinimumVisualStudioVersion = 10.0.40219.1
Project("{FAE04EC0-301F-11D3-BF4B-00C04F79EFBC}") = "RechnerNeu", "RechnerNeu\RechnerNeu.csproj", "{B49A359D-23DC-41B2-985C-603CC1A6F4B8}"
EndProject
Global
	GlobalSection(SolutionConfigurationPlatforms) = preSolution
		Debug|Any CPU = Debug|Any CPU
		Release|Any CPU = Release|Any CPU
	EndGlobalSection
	GlobalSection(ProjectConfigurationPlatforms) = postSolution
		{B49A359D-23DC-41B2-985C-603CC1A6F4B8}.Debug|Any CPU.ActiveCfg = Debug|Any CPU
		{B49A359D-23DC-41B2-985C-603CC1A6F4B8}.Debug|Any CPU.Build.0 = Debug|Any CPU
		{B49A359D-23DC-41B2-985C-603CC1A6F4B8}.Release|Any CPU.ActiveCfg = Release|Any CPU
		{B49A359D-23DC-41B2-985C-603CC1A6F4B8}.Release|Any CPU.Build.0 = Release|Any CPU
	EndGlobalSection
	GlobalSection(SolutionProperties) = preSolution
		HideSolutionNode = FALSE
	EndGlobalSection
	GlobalSection(ExtensibilityGlobals) = postSolution
		SolutionGuid = {375C6AB3-0DAC-474E-9501-19C3EC299C53}
	EndGlobalSection
EndGlobal
